
Microsoft Visual Studio Solution File, Format Version 12.00
# Visual Studio 15
VisualStudioVersion = 15.0.27703.2018
MinimumVisualStudioVersion = 10.0.40219.1
Project("{FAE04EC0-301F-11D3-BF4B-00C04F79EFBC}") = "Log4SlackExample", "Log4SlackExample\Log4SlackExample.csproj", "{1CB4D1F6-A48D-4688-8B3F-EF9EE6974D84}"
EndProject
Global
	GlobalSection(SolutionConfigurationPlatforms) = preSolution
		Debug|Any CPU = Debug|Any CPU
		Release|Any CPU = Release|Any CPU
	EndGlobalSection
	GlobalSection(ProjectConfigurationPlatforms) = postSolution
		{1CB4D1F6-A48D-4688-8B3F-EF9EE6974D84}.Debug|Any CPU.ActiveCfg = Debug|Any CPU
		{1CB4D1F6-A48D-4688-8B3F-EF9EE6974D84}.Debug|Any CPU.Build.0 = Debug|Any CPU
		{1CB4D1F6-A48D-4688-8B3F-EF9EE6974D84}.Release|Any CPU.ActiveCfg = Release|Any CPU
		{1CB4D1F6-A48D-4688-8B3F-EF9EE6974D84}.Release|Any CPU.Build.0 = Release|Any CPU
	EndGlobalSection
	GlobalSection(SolutionProperties) = preSolution
		HideSolutionNode = FALSE
	EndGlobalSection
	GlobalSection(ExtensibilityGlobals) = postSolution
		SolutionGuid = {401A1E1B-C749-4774-846E-0E9F7AD2A07C}
	EndGlobalSection
EndGlobal
